# This file is automatically @generated by Poetry 1.6.1 and should not be changed by hand.

[[package]]
name = "pyaes"
version = "1.6.1"
description = "Pure-Python Implementation of the AES block-cipher and common modes of operation"
optional = false
python-versions = "*"
files = [
    {file = "pyaes-1.6.1.tar.gz", hash = "sha256:02c1b1405c38d3c370b085fb952dd8bea3fadcee6411ad99f312cc129c536d8f"},
]

[[package]]
name = "pyasn1"
version = "0.5.1"
description = "Pure-Python implementation of ASN.1 types and DER/BER/CER codecs (X.208)"
optional = false
python-versions = "!=3.0.*,!=3.1.*,!=3.2.*,!=3.3.*,!=3.4.*,!=3.5.*,>=2.7"
files = [
    {file = "pyasn1-0.5.1-py2.py3-none-any.whl", hash = "sha256:4439847c58d40b1d0a573d07e3856e95333f1976294494c325775aeca506eb58"},
    {file = "pyasn1-0.5.1.tar.gz", hash = "sha256:6d391a96e59b23130a5cfa74d6fd7f388dbbe26cc8f1edf39fdddf08d9d6676c"},
]

[[package]]
name = "pyside6"
version = "6.6.2"
description = "Python bindings for the Qt cross-platform application and UI framework"
optional = false
python-versions = "<3.13,>=3.8"
files = [
    {file = "PySide6-6.6.2-cp38-abi3-macosx_11_0_universal2.whl", hash = "sha256:5bdaa27d1a921c35764d82a2ec86943488c818cb33b9e16b2784d539b45f6171"},
    {file = "PySide6-6.6.2-cp38-abi3-manylinux_2_28_x86_64.whl", hash = "sha256:3b6266fb29bab66526f2bbab2a6610f9f47a4df42ae6fb3713cd8329f593a561"},
    {file = "PySide6-6.6.2-cp38-abi3-manylinux_2_31_aarch64.whl", hash = "sha256:a8200b2a1f02e42adfd1f41bc60d52d157398778b6ba232d46ad7402bc6f91ec"},
    {file = "PySide6-6.6.2-cp38-abi3-win_amd64.whl", hash = "sha256:e359ebccd3f90fba85ebd5b93bdeadfa9e5d2fd06b3b5e8985aa5da50ca6243b"},
]

[package.dependencies]
PySide6-Addons = "6.6.2"
PySide6-Essentials = "6.6.2"
shiboken6 = "6.6.2"

[[package]]
name = "pyside6-addons"
version = "6.6.2"
description = "Python bindings for the Qt cross-platform application and UI framework (Addons)"
optional = false
python-versions = "<3.13,>=3.8"
files = [
    {file = "PySide6_Addons-6.6.2-cp38-abi3-macosx_11_0_universal2.whl", hash = "sha256:4fb00bc98bc8335177eaa8f6d70ba687ab9bf00b3ee343abbc7156040f3e586d"},
    {file = "PySide6_Addons-6.6.2-cp38-abi3-manylinux_2_28_x86_64.whl", hash = "sha256:cbdb7393de88a916ed1e9bd8407149f911717d1e06aee04119e26042679d8cce"},
    {file = "PySide6_Addons-6.6.2-cp38-abi3-manylinux_2_31_aarch64.whl", hash = "sha256:90f20dcf2caf69307e20d3d682cbe2b1a38e7ddb1f50f4f0e3ae4306219f8883"},
    {file = "PySide6_Addons-6.6.2-cp38-abi3-win_amd64.whl", hash = "sha256:748151fb49d5fe760b7cf6c88c4ec851e68d66a119939567407115948bf8a08f"},
]

[package.dependencies]
PySide6-Essentials = "6.6.2"
shiboken6 = "6.6.2"

[[package]]
name = "pyside6-essentials"
version = "6.6.2"
description = "Python bindings for the Qt cross-platform application and UI framework (Essentials)"
optional = false
python-versions = "<3.13,>=3.8"
files = [
    {file = "PySide6_Essentials-6.6.2-cp38-abi3-macosx_11_0_universal2.whl", hash = "sha256:41373f9b8fd17bb39a7dc7da85168508fe288955a17117c2e993339f387b23c1"},
    {file = "PySide6_Essentials-6.6.2-cp38-abi3-manylinux_2_28_x86_64.whl", hash = "sha256:90be2cf1a404f1c62777ccc6898895c864376f1fd68ae9f82f7622522bce5814"},
    {file = "PySide6_Essentials-6.6.2-cp38-abi3-manylinux_2_31_aarch64.whl", hash = "sha256:11496a322138eab4579c3683d2e3afebb41435412d4109394cb2b9ddaac66fe3"},
    {file = "PySide6_Essentials-6.6.2-cp38-abi3-win_amd64.whl", hash = "sha256:030a0565ad2d6361ed8be7826f81fe3dbb7a98330837687608e75cbede5f0ca2"},
]

[package.dependencies]
shiboken6 = "6.6.2"

[[package]]
name = "rsa"
version = "4.9"
description = "Pure-Python RSA implementation"
optional = false
python-versions = ">=3.6,<4"
files = [
    {file = "rsa-4.9-py3-none-any.whl", hash = "sha256:90260d9058e514786967344d0ef75fa8727eed8a7d2e43ce9f4bcf1b536174f7"},
    {file = "rsa-4.9.tar.gz", hash = "sha256:e38464a49c6c85d7f1351b0126661487a7e0a14a50f1675ec50eb34d4f20ef21"},
]

[package.dependencies]
pyasn1 = ">=0.1.3"

[[package]]
name = "shiboken6"
version = "6.6.2"
description = "Python/C++ bindings helper module"
optional = false
python-versions = "<3.13,>=3.8"
files = [
    {file = "shiboken6-6.6.2-cp38-abi3-macosx_11_0_universal2.whl", hash = "sha256:531728324ad3ad4ed7b1d85d2dff548d618182d67024e16e84079f7db104590d"},
    {file = "shiboken6-6.6.2-cp38-abi3-manylinux_2_28_x86_64.whl", hash = "sha256:9da86622cee5e7201bafe9c5beee3c06d9168c6b8f3e2fac52c1b7df00956bff"},
    {file = "shiboken6-6.6.2-cp38-abi3-manylinux_2_31_aarch64.whl", hash = "sha256:60dbad15901ad6fff6e198d8668091bbb2f20b82729412e5fd4d47ac86c97d42"},
    {file = "shiboken6-6.6.2-cp38-abi3-win_amd64.whl", hash = "sha256:d4e99e7d1137a7d2c665a465b80baf820829dfba5fe474549d49b0ef81b0abf2"},
]

[[package]]
name = "telethon"
version = "1.34.0"
description = "Full-featured Telegram client library for Python 3"
optional = false
python-versions = ">=3.5"
files = [
    {file = "Telethon-1.34.0.tar.gz", hash = "sha256:55290809a30081fa0bb5052abb7547cbb25d7fbca94f32f13c147504d521804f"},
]

[package.dependencies]
pyaes = "*"
rsa = "*"

[package.extras]
cryptg = ["cryptg"]

[metadata]
lock-version = "2.0"
python-versions = ">=3.12,<3.13"
content-hash = "0a51b32e7c10367599f4f58726a3ef7bbde2023d35d613f4ec3c3664854105c3"
